{
  "version": 4,
  "terraform_version": "1.14.5",
  "serial": 297,
  "lineage": "4f89e733-bda2-14c4-f667-621b95ca14f6",
  "outputs": {
    "floating_ips": {
      "value": {
        "perf-vm1-sc1": "10.0.10.178",
        "perf-vm1-sc2": "10.0.10.126",
        "perf-vm1-sc3": "10.0.10.133",
        "perf-vm1-sc4": "10.0.10.160",
        "perf-vm2-sc1": "10.0.10.155",
        "perf-vm2-sc2": "10.0.10.170",
        "perf-vm2-sc3": "10.0.10.127",
        "perf-vm2-sc4": "10.0.10.164"
      },
      "type": [
        "object",
        {
          "perf-vm1-sc1": "string",
          "perf-vm1-sc2": "string",
          "perf-vm1-sc3": "string",
          "perf-vm1-sc4": "string",
          "perf-vm2-sc1": "string",
          "perf-vm2-sc2": "string",
          "perf-vm2-sc3": "string",
          "perf-vm2-sc4": "string"
        }
      ]
    },
    "vm_ips": {
      "value": {
        "perf-vm1-sc1": "10.1.1.21",
        "perf-vm1-sc2": "10.1.1.40",
        "perf-vm1-sc3": "10.1.1.30",
        "perf-vm1-sc4": "10.1.1.49",
        "perf-vm2-sc1": "10.1.1.45",
        "perf-vm2-sc2": "10.1.2.37",
        "perf-vm2-sc3": "10.1.1.28",
        "perf-vm2-sc4": "10.1.2.21"
      },
      "type": [
        "object",
        {
          "perf-vm1-sc1": "string",
          "perf-vm1-sc2": "string",
          "perf-vm1-sc3": "string",
          "perf-vm1-sc4": "string",
          "perf-vm2-sc1": "string",
          "perf-vm2-sc2": "string",
          "perf-vm2-sc3": "string",
          "perf-vm2-sc4": "string"
        }
      ]
    }
  },
  "resources": [
    {
      "mode": "data",
      "type": "openstack_compute_flavor_v2",
      "name": "flavor",
      "provider": "provider[\"registry.terraform.io/terraform-provider-openstack/openstack\"]",
      "instances": [
        {
          "schema_version": 0,
          "attributes": {
            "description": "",
            "disk": 3,
            "extra_specs": {},
            "flavor_id": "6",
            "id": "6",
            "is_public": true,
            "min_disk": null,
            "min_ram": null,
            "name": "m1.smaller",
            "ram": 512,
            "region": null,
            "rx_tx_factor": 1,
            "swap": 0,
            "vcpus": 1
          },
          "sensitive_attributes": [],
          "identity_schema_version": 0
        }
      ]
    },
    {
      "mode": "data",
      "type": "openstack_compute_keypair_v2",
      "name": "keypair",
      "provider": "provider[\"registry.terraform.io/terraform-provider-openstack/openstack\"]",
      "instances": [
        {
          "schema_version": 0,
          "attributes": {
            "fingerprint": "67:74:27:10:85:79:ee:7a:f4:9a:aa:e0:88:f5:06:0d",
            "id": "p3-key",
            "name": "p3-key",
            "public_key": "ssh-rsa AAAAB3NzaC1yc2EAAAADAQABAAABAQDFqONQPFToCgfCWWSGogAhYkhRUEQggLytNBR56/5gDKXcR+kAn9o/vjHNrTwEFgUQwwuzRVdYClx1fLWL4WcF6oOp0ULAaL8jLxJd91l1PyklzkU5V+7PlPks6jgSF0OxOakZTn3qIk1pD8qDe87OxhSAtd3Lu2QZXS4suwIhsS86TapxAsB4jfwbplLcy3bmdYBiV9ufekrCr+rxKbOgIENVDlg1AlhoohFOk/vTWYQcstG3YoNd+mXB+GjjievMoP/MA9djr0+vngzCSJi85g5fnkpotDqtUXe9/nLSdNFnLEGmky+h0041dv9aCHf3RGCpKwjl0GmgqZ7c1cWv Generated-by-Nova",
            "region": "",
            "user_id": "da601a5250be4f949d9560952107dec4"
          },
          "sensitive_attributes": [],
          "identity_schema_version": 0
        }
      ]
    },
    {
      "mode": "data",
      "type": "openstack_images_image_v2",
      "name": "image",
      "provider": "provider[\"registry.terraform.io/terraform-provider-openstack/openstack\"]",
      "instances": [
        {
          "schema_version": 0,
          "attributes": {
            "checksum": "cbd43dc12f87e900ded5f92eb97daae6",
            "container_format": "bare",
            "created_at": "2026-02-12T17:48:33Z",
            "disk_format": "qcow2",
            "file": "/v2/images/b8fb6772-8e4a-457d-b2ec-3c145539d312/file",
            "hidden": false,
            "id": "b8fb6772-8e4a-457d-b2ec-3c145539d312",
            "member_status": null,
            "metadata": {},
            "min_disk_gb": 0,
            "min_ram_mb": 0,
            "most_recent": true,
            "name": "focal-server-cloudimg-amd64-vnx",
            "name_regex": null,
            "owner": "1aa9627719d647f3b5a8bb91deca6825",
            "properties": {
              "os_hash_algo": "sha512",
              "os_hash_value": "f2a585fffde36a66048ceb707f205efba4ddc54e20048f223ec1a039252654d28a659443b2f64064eea03d5310c83316d689fa5dcaf08949e3d4942575fb89be",
              "owner_specified.openstack.md5": "",
              "owner_specified.openstack.object": "images/focal-server-cloudimg-amd64-vnx",
              "owner_specified.openstack.sha256": ""
            },
            "protected": false,
            "region": "",
            "schema": "/v2/schemas/image",
            "size_bytes": 657326080,
            "size_max": null,
            "size_min": null,
            "sort_direction": "asc",
            "sort_key": "name",
            "tag": null,
            "tags": [],
            "updated_at": "2026-02-12T17:48:36Z",
            "visibility": "public"
          },
          "sensitive_attributes": [],
          "identity_schema_version": 0
        }
      ]
    },
    {
      "mode": "data",
      "type": "openstack_networking_network_v2",
      "name": "external",
      "provider": "provider[\"registry.terraform.io/terraform-provider-openstack/openstack\"]",
      "instances": [
        {
          "schema_version": 0,
          "attributes": {
            "admin_state_up": "true",
            "all_tags": [],
            "availability_zone_hints": [],
            "description": "",
            "dns_domain": "",
            "external": true,
            "id": "9a6daedb-c579-41c6-8375-5c8f8515fa17",
            "matching_subnet_cidr": null,
            "mtu": 1500,
            "name": "ExtNet",
            "network_id": null,
            "region": "",
            "segments": [],
            "shared": "true",
            "status": null,
            "subnets": [
              "27e606a4-76e4-48f1-b2e3-f3bb095bdfeb"
            ],
            "tags": null,
            "tenant_id": "1aa9627719d647f3b5a8bb91deca6825",
            "transparent_vlan": false
          },
          "sensitive_attributes": [],
          "identity_schema_version": 0
        }
      ]
    },
    {
      "mode": "managed",
      "type": "local_file",
      "name": "ansible_inventory",
      "provider": "provider[\"registry.terraform.io/hashicorp/local\"]",
      "instances": [
        {
          "schema_version": 0,
          "attributes": {
            "content": "# Ansible inventory generated by Terraform\nperf-vm1-sc1 ansible_host=10.0.10.178 ansible_user=ubuntu group=scenario1\nperf-vm1-sc2 ansible_host=10.0.10.126 ansible_user=ubuntu group=scenario2\nperf-vm1-sc3 ansible_host=10.0.10.133 ansible_user=ubuntu group=scenario3\nperf-vm1-sc4 ansible_host=10.0.10.160 ansible_user=ubuntu group=scenario4\nperf-vm2-sc1 ansible_host=10.0.10.155 ansible_user=ubuntu group=scenario1\nperf-vm2-sc2 ansible_host=10.0.10.170 ansible_user=ubuntu group=scenario2\nperf-vm2-sc3 ansible_host=10.0.10.127 ansible_user=ubuntu group=scenario3\nperf-vm2-sc4 ansible_host=10.0.10.164 ansible_user=ubuntu group=scenario4\n\n[scenario1]\nperf-vm1-sc1\nperf-vm2-sc1\n\n\n[scenario2]\nperf-vm1-sc2\nperf-vm2-sc2\n\n\n[scenario3]\nperf-vm1-sc3\nperf-vm2-sc3\n\n\n[scenario4]\nperf-vm1-sc4\nperf-vm2-sc4\n\n\n[all:vars]\nansible_ssh_private_key_file = ~/.ssh/p3-key.pem\nansible_python_interpreter = /usr/bin/python3\nansible_ssh_common_args='-o ProxyCommand=\"ssh -W %h:%p -q root@192.168.122.55 -o StrictHostKeyChecking=no\" -o StrictHostKeyChecking=no'\n",
            "content_base64": null,
            "content_base64sha256": "rrdQzISRdSwJ7X317OlzZ4m/i3sJDt3LSU7Eu9gGSxM=",
            "content_base64sha512": "l1PXn0SmeTKLDsOpnvHNHISNwJF/7V3QZ7B1ShyRR3YZZdnCZplmGtQBdzjoUjibNChRfVWdnhx5bIPiwIPbtw==",
            "content_md5": "dac63494096aadfa1fc8f7c38d3a8f2d",
            "content_sha1": "b6211c5d794969340ce85804c536fe39f83df325",
            "content_sha256": "aeb750cc8491752c09ed7df5ece9736789bf8b7b090eddcb494ec4bbd8064b13",
            "content_sha512": "9753d79f44a679328b0ec3a99ef1cd1c848dc0917fed5dd067b0754a1c9147761965d9c26699661ad4017738e852389b3428517d559d9e1c796c83e2c083dbb7",
            "directory_permission": "0777",
            "file_permission": "0777",
            "filename": "./../hosts.ini",
            "id": "b6211c5d794969340ce85804c536fe39f83df325",
            "sensitive_content": null,
            "source": null
          },
          "sensitive_attributes": [
            [
              {
                "type": "get_attr",
                "value": "sensitive_content"
              }
            ]
          ],
          "identity_schema_version": 0,
          "dependencies": [
            "data.openstack_compute_flavor_v2.flavor",
            "data.openstack_compute_keypair_v2.keypair",
            "data.openstack_images_image_v2.image",
            "openstack_compute_instance_v2.perf_vm",
            "openstack_networking_floatingip_v2.fip",
            "openstack_networking_network_v2.net1",
            "openstack_networking_network_v2.net2",
            "openstack_networking_secgroup_v2.perf_sg"
          ]
        }
      ]
    },
    {
      "mode": "managed",
      "type": "openstack_compute_floatingip_associate_v2",
      "name": "associate",
      "provider": "provider[\"registry.terraform.io/terraform-provider-openstack/openstack\"]",
      "instances": [
        {
          "index_key": "perf-vm1-sc1",
          "schema_version": 0,
          "attributes": {
            "fixed_ip": "",
            "floating_ip": "10.0.10.178",
            "id": "10.0.10.178/21e9010e-b8fe-44f2-a07e-2e78dfe44f4e/",
            "instance_id": "21e9010e-b8fe-44f2-a07e-2e78dfe44f4e",
            "region": "",
            "timeouts": null,
            "wait_until_associated": null
          },
          "sensitive_attributes": [],
          "identity_schema_version": 0,
          "private": "eyJlMmJmYjczMC1lY2FhLTExZTYtOGY4OC0zNDM2M2JjN2M0YzAiOnsiY3JlYXRlIjo2MDAwMDAwMDAwMDB9fQ==",
          "dependencies": [
            "data.openstack_compute_flavor_v2.flavor",
            "data.openstack_compute_keypair_v2.keypair",
            "data.openstack_images_image_v2.image",
            "openstack_compute_instance_v2.perf_vm",
            "openstack_networking_floatingip_v2.fip",
            "openstack_networking_network_v2.net1",
            "openstack_networking_network_v2.net2",
            "openstack_networking_secgroup_v2.perf_sg"
          ]
        },
        {
          "index_key": "perf-vm1-sc2",
          "schema_version": 0,
          "attributes": {
            "fixed_ip": "",
            "floating_ip": "10.0.10.126",
            "id": "10.0.10.126/0f848c17-877c-4ef7-85dd-c49a0c2a5c48/",
            "instance_id": "0f848c17-877c-4ef7-85dd-c49a0c2a5c48",
            "region": "",
            "timeouts": null,
            "wait_until_associated": null
          },
          "sensitive_attributes": [],
          "identity_schema_version": 0,
          "private": "eyJlMmJmYjczMC1lY2FhLTExZTYtOGY4OC0zNDM2M2JjN2M0YzAiOnsiY3JlYXRlIjo2MDAwMDAwMDAwMDB9fQ==",
          "dependencies": [
            "data.openstack_compute_flavor_v2.flavor",
            "data.openstack_compute_keypair_v2.keypair",
            "data.openstack_images_image_v2.image",
            "openstack_compute_instance_v2.perf_vm",
            "openstack_networking_floatingip_v2.fip",
            "openstack_networking_network_v2.net1",
            "openstack_networking_network_v2.net2",
            "openstack_networking_secgroup_v2.perf_sg"
          ]
        },
        {
          "index_key": "perf-vm1-sc3",
          "schema_version": 0,
          "attributes": {
            "fixed_ip": "",
            "floating_ip": "10.0.10.133",
            "id": "10.0.10.133/871c126e-1434-45f6-944c-b0d7633f4090/",
            "instance_id": "871c126e-1434-45f6-944c-b0d7633f4090",
            "region": "",
            "timeouts": null,
            "wait_until_associated": null
          },
          "sensitive_attributes": [],
          "identity_schema_version": 0,
          "private": "eyJlMmJmYjczMC1lY2FhLTExZTYtOGY4OC0zNDM2M2JjN2M0YzAiOnsiY3JlYXRlIjo2MDAwMDAwMDAwMDB9fQ==",
          "dependencies": [
            "data.openstack_compute_flavor_v2.flavor",
            "data.openstack_compute_keypair_v2.keypair",
            "data.openstack_images_image_v2.image",
            "openstack_compute_instance_v2.perf_vm",
            "openstack_networking_floatingip_v2.fip",
            "openstack_networking_network_v2.net1",
            "openstack_networking_network_v2.net2",
            "openstack_networking_secgroup_v2.perf_sg"
          ]
        },
        {
          "index_key": "perf-vm1-sc4",
          "schema_version": 0,
          "attributes": {
            "fixed_ip": "",
            "floating_ip": "10.0.10.160",
            "id": "10.0.10.160/d70918ce-18ce-4ce5-9451-5fbd84bdb945/",
            "instance_id": "d70918ce-18ce-4ce5-9451-5fbd84bdb945",
            "region": "",
            "timeouts": null,
            "wait_until_associated": null
          },
          "sensitive_attributes": [],
          "identity_schema_version": 0,
          "private": "eyJlMmJmYjczMC1lY2FhLTExZTYtOGY4OC0zNDM2M2JjN2M0YzAiOnsiY3JlYXRlIjo2MDAwMDAwMDAwMDB9fQ==",
          "dependencies": [
            "data.openstack_compute_flavor_v2.flavor",
            "data.openstack_compute_keypair_v2.keypair",
            "data.openstack_images_image_v2.image",
            "openstack_compute_instance_v2.perf_vm",
            "openstack_networking_floatingip_v2.fip",
            "openstack_networking_network_v2.net1",
            "openstack_networking_network_v2.net2",
            "openstack_networking_secgroup_v2.perf_sg"
          ]
        },
        {
          "index_key": "perf-vm2-sc1",
          "schema_version": 0,
          "attributes": {
            "fixed_ip": "",
            "floating_ip": "10.0.10.155",
            "id": "10.0.10.155/f5cea0f2-c73d-452d-a3ce-77b9fa7478eb/",
            "instance_id": "f5cea0f2-c73d-452d-a3ce-77b9fa7478eb",
            "region": "",
            "timeouts": null,
            "wait_until_associated": null
          },
          "sensitive_attributes": [],
          "identity_schema_version": 0,
          "private": "eyJlMmJmYjczMC1lY2FhLTExZTYtOGY4OC0zNDM2M2JjN2M0YzAiOnsiY3JlYXRlIjo2MDAwMDAwMDAwMDB9fQ==",
          "dependencies": [
            "data.openstack_compute_flavor_v2.flavor",
            "data.openstack_compute_keypair_v2.keypair",
            "data.openstack_images_image_v2.image",
            "openstack_compute_instance_v2.perf_vm",
            "openstack_networking_floatingip_v2.fip",
            "openstack_networking_network_v2.net1",
            "openstack_networking_network_v2.net2",
            "openstack_networking_secgroup_v2.perf_sg"
          ]
        },
        {
          "index_key": "perf-vm2-sc2",
          "schema_version": 0,
          "attributes": {
            "fixed_ip": "",
            "floating_ip": "10.0.10.170",
            "id": "10.0.10.170/86b79b94-723e-42a3-ab56-502e0e57b311/",
            "instance_id": "86b79b94-723e-42a3-ab56-502e0e57b311",
            "region": "",
            "timeouts": null,
            "wait_until_associated": null
          },
          "sensitive_attributes": [],
          "identity_schema_version": 0,
          "private": "eyJlMmJmYjczMC1lY2FhLTExZTYtOGY4OC0zNDM2M2JjN2M0YzAiOnsiY3JlYXRlIjo2MDAwMDAwMDAwMDB9fQ==",
          "dependencies": [
            "data.openstack_compute_flavor_v2.flavor",
            "data.openstack_compute_keypair_v2.keypair",
            "data.openstack_images_image_v2.image",
            "openstack_compute_instance_v2.perf_vm",
            "openstack_networking_floatingip_v2.fip",
            "openstack_networking_network_v2.net1",
            "openstack_networking_network_v2.net2",
            "openstack_networking_secgroup_v2.perf_sg"
          ]
        },
        {
          "index_key": "perf-vm2-sc3",
          "schema_version": 0,
          "attributes": {
            "fixed_ip": "",
            "floating_ip": "10.0.10.127",
            "id": "10.0.10.127/26c17045-3dc9-4a00-aeaa-beeb23939131/",
            "instance_id": "26c17045-3dc9-4a00-aeaa-beeb23939131",
            "region": "",
            "timeouts": null,
            "wait_until_associated": null
          },
          "sensitive_attributes": [],
          "identity_schema_version": 0,
          "private": "eyJlMmJmYjczMC1lY2FhLTExZTYtOGY4OC0zNDM2M2JjN2M0YzAiOnsiY3JlYXRlIjo2MDAwMDAwMDAwMDB9fQ==",
          "dependencies": [
            "data.openstack_compute_flavor_v2.flavor",
            "data.openstack_compute_keypair_v2.keypair",
            "data.openstack_images_image_v2.image",
            "openstack_compute_instance_v2.perf_vm",
            "openstack_networking_floatingip_v2.fip",
            "openstack_networking_network_v2.net1",
            "openstack_networking_network_v2.net2",
            "openstack_networking_secgroup_v2.perf_sg"
          ]
        },
        {
          "index_key": "perf-vm2-sc4",
          "schema_version": 0,
          "attributes": {
            "fixed_ip": "",
            "floating_ip": "10.0.10.164",
            "id": "10.0.10.164/c47023d8-6f7e-49a3-9d99-9880927e2677/",
            "instance_id": "c47023d8-6f7e-49a3-9d99-9880927e2677",
            "region": "",
            "timeouts": null,
            "wait_until_associated": null
          },
          "sensitive_attributes": [],
          "identity_schema_version": 0,
          "private": "eyJlMmJmYjczMC1lY2FhLTExZTYtOGY4OC0zNDM2M2JjN2M0YzAiOnsiY3JlYXRlIjo2MDAwMDAwMDAwMDB9fQ==",
          "dependencies": [
            "data.openstack_compute_flavor_v2.flavor",
            "data.openstack_compute_keypair_v2.keypair",
            "data.openstack_images_image_v2.image",
            "openstack_compute_instance_v2.perf_vm",
            "openstack_networking_floatingip_v2.fip",
            "openstack_networking_network_v2.net1",
            "openstack_networking_network_v2.net2",
            "openstack_networking_secgroup_v2.perf_sg"
          ]
        }
      ]
    },
    {
      "mode": "managed",
      "type": "openstack_compute_instance_v2",
      "name": "perf_vm",
      "provider": "provider[\"registry.terraform.io/terraform-provider-openstack/openstack\"]",
      "instances": [
        {
          "index_key": "perf-vm1-sc1",
          "schema_version": 0,
          "attributes": {
            "access_ip_v4": "10.1.1.21",
            "access_ip_v6": "",
            "admin_pass": null,
            "all_metadata": {},
            "all_tags": [],
            "availability_zone": "nova",
            "availability_zone_hints": null,
            "block_device": [],
            "config_drive": null,
            "created": "2026-02-19 23:50:26 +0000 UTC",
            "flavor_id": "6",
            "flavor_name": "m1.smaller",
            "floating_ip": null,
            "force_delete": false,
            "id": "21e9010e-b8fe-44f2-a07e-2e78dfe44f4e",
            "image_id": "b8fb6772-8e4a-457d-b2ec-3c145539d312",
            "image_name": "focal-server-cloudimg-amd64-vnx",
            "key_pair": "p3-key",
            "metadata": null,
            "name": "perf-vm1-sc1",
            "network": [
              {
                "access_network": false,
                "fixed_ip_v4": "10.1.1.21",
                "fixed_ip_v6": "",
                "floating_ip": "",
                "mac": "fa:16:3e:c8:bb:c3",
                "name": "perf-net1",
                "port": "",
                "uuid": "13f28564-3b6e-4af7-9bcb-207f6c6ea4f6"
              }
            ],
            "network_mode": null,
            "personality": [],
            "power_state": "shutoff",
            "region": "",
            "scheduler_hints": [],
            "security_groups": [
              "perf-perf-sg"
            ],
            "stop_before_destroy": false,
            "tags": [],
            "timeouts": null,
            "updated": "2026-02-28 22:33:04 +0000 UTC",
            "user_data": null,
            "vendor_options": [],
            "volume": []
          },
          "sensitive_attributes": [
            [
              {
                "type": "get_attr",
                "value": "admin_pass"
              }
            ]
          ],
          "identity_schema_version": 0,
          "private": "eyJlMmJmYjczMC1lY2FhLTExZTYtOGY4OC0zNDM2M2JjN2M0YzAiOnsiY3JlYXRlIjoxODAwMDAwMDAwMDAwLCJkZWxldGUiOjE4MDAwMDAwMDAwMDAsInVwZGF0ZSI6MTgwMDAwMDAwMDAwMH19",
          "dependencies": [
            "data.openstack_compute_flavor_v2.flavor",
            "data.openstack_compute_keypair_v2.keypair",
            "data.openstack_images_image_v2.image",
            "openstack_networking_network_v2.net1",
            "openstack_networking_network_v2.net2",
            "openstack_networking_secgroup_v2.perf_sg"
          ]
        },
        {
          "index_key": "perf-vm1-sc2",
          "schema_version": 0,
          "attributes": {
            "access_ip_v4": "10.1.1.40",
            "access_ip_v6": "",
            "admin_pass": null,
            "all_metadata": {},
            "all_tags": [],
            "availability_zone": "nova",
            "availability_zone_hints": null,
            "block_device": [],
            "config_drive": null,
            "created": "2026-02-19 23:50:26 +0000 UTC",
            "flavor_id": "6",
            "flavor_name": "m1.smaller",
            "floating_ip": null,
            "force_delete": false,
            "id": "0f848c17-877c-4ef7-85dd-c49a0c2a5c48",
            "image_id": "b8fb6772-8e4a-457d-b2ec-3c145539d312",
            "image_name": "focal-server-cloudimg-amd64-vnx",
            "key_pair": "p3-key",
            "metadata": null,
            "name": "perf-vm1-sc2",
            "network": [
              {
                "access_network": false,
                "fixed_ip_v4": "10.1.1.40",
                "fixed_ip_v6": "",
                "floating_ip": "",
                "mac": "fa:16:3e:a9:7d:61",
                "name": "perf-net1",
                "port": "",
                "uuid": "13f28564-3b6e-4af7-9bcb-207f6c6ea4f6"
              }
            ],
            "network_mode": null,
            "personality": [],
            "power_state": "shutoff",
            "region": "",
            "scheduler_hints": [],
            "security_groups": [
              "perf-perf-sg"
            ],
            "stop_before_destroy": false,
            "tags": [],
            "timeouts": null,
            "updated": "2026-02-28 22:38:31 +0000 UTC",
            "user_data": null,
            "vendor_options": [],
            "volume": []
          },
          "sensitive_attributes": [
            [
              {
                "type": "get_attr",
                "value": "admin_pass"
              }
            ]
          ],
          "identity_schema_version": 0,
          "private": "eyJlMmJmYjczMC1lY2FhLTExZTYtOGY4OC0zNDM2M2JjN2M0YzAiOnsiY3JlYXRlIjoxODAwMDAwMDAwMDAwLCJkZWxldGUiOjE4MDAwMDAwMDAwMDAsInVwZGF0ZSI6MTgwMDAwMDAwMDAwMH19",
          "dependencies": [
            "data.openstack_compute_flavor_v2.flavor",
            "data.openstack_compute_keypair_v2.keypair",
            "data.openstack_images_image_v2.image",
            "openstack_networking_network_v2.net1",
            "openstack_networking_network_v2.net2",
            "openstack_networking_secgroup_v2.perf_sg"
          ]
        },
        {
          "index_key": "perf-vm1-sc3",
          "schema_version": 0,
          "attributes": {
            "access_ip_v4": "10.1.1.30",
            "access_ip_v6": "",
            "admin_pass": null,
            "all_metadata": {},
            "all_tags": [],
            "availability_zone": "nova",
            "availability_zone_hints": null,
            "block_device": [],
            "config_drive": null,
            "created": "2026-02-19 23:50:26 +0000 UTC",
            "flavor_id": "6",
            "flavor_name": "m1.smaller",
            "floating_ip": null,
            "force_delete": false,
            "id": "871c126e-1434-45f6-944c-b0d7633f4090",
            "image_id": "b8fb6772-8e4a-457d-b2ec-3c145539d312",
            "image_name": "focal-server-cloudimg-amd64-vnx",
            "key_pair": "p3-key",
            "metadata": null,
            "name": "perf-vm1-sc3",
            "network": [
              {
                "access_network": false,
                "fixed_ip_v4": "10.1.1.30",
                "fixed_ip_v6": "",
                "floating_ip": "",
                "mac": "fa:16:3e:7e:77:b3",
                "name": "perf-net1",
                "port": "",
                "uuid": "13f28564-3b6e-4af7-9bcb-207f6c6ea4f6"
              }
            ],
            "network_mode": null,
            "personality": [],
            "power_state": "shutoff",
            "region": "",
            "scheduler_hints": [],
            "security_groups": [
              "perf-perf-sg"
            ],
            "stop_before_destroy": false,
            "tags": [],
            "timeouts": null,
            "updated": "2026-02-28 22:44:04 +0000 UTC",
            "user_data": null,
            "vendor_options": [],
            "volume": []
          },
          "sensitive_attributes": [
            [
              {
                "type": "get_attr",
                "value": "admin_pass"
              }
            ]
          ],
          "identity_schema_version": 0,
          "private": "eyJlMmJmYjczMC1lY2FhLTExZTYtOGY4OC0zNDM2M2JjN2M0YzAiOnsiY3JlYXRlIjoxODAwMDAwMDAwMDAwLCJkZWxldGUiOjE4MDAwMDAwMDAwMDAsInVwZGF0ZSI6MTgwMDAwMDAwMDAwMH19",
          "dependencies": [
            "data.openstack_compute_flavor_v2.flavor",
            "data.openstack_compute_keypair_v2.keypair",
            "data.openstack_images_image_v2.image",
            "openstack_networking_network_v2.net1",
            "openstack_networking_network_v2.net2",
            "openstack_networking_secgroup_v2.perf_sg"
          ]
        },
        {
          "index_key": "perf-vm1-sc4",
          "schema_version": 0,
          "attributes": {
            "access_ip_v4": "10.1.1.49",
            "access_ip_v6": "",
            "admin_pass": null,
            "all_metadata": {},
            "all_tags": [],
            "availability_zone": "nova",
            "availability_zone_hints": null,
            "block_device": [],
            "config_drive": null,
            "created": "2026-02-19 23:50:26 +0000 UTC",
            "flavor_id": "6",
            "flavor_name": "m1.smaller",
            "floating_ip": null,
            "force_delete": false,
            "id": "d70918ce-18ce-4ce5-9451-5fbd84bdb945",
            "image_id": "b8fb6772-8e4a-457d-b2ec-3c145539d312",
            "image_name": "focal-server-cloudimg-amd64-vnx",
            "key_pair": "p3-key",
            "metadata": null,
            "name": "perf-vm1-sc4",
            "network": [
              {
                "access_network": false,
                "fixed_ip_v4": "10.1.1.49",
                "fixed_ip_v6": "",
                "floating_ip": "",
                "mac": "fa:16:3e:bd:e3:31",
                "name": "perf-net1",
                "port": "",
                "uuid": "13f28564-3b6e-4af7-9bcb-207f6c6ea4f6"
              }
            ],
            "network_mode": null,
            "personality": [],
            "power_state": "shutoff",
            "region": "",
            "scheduler_hints": [],
            "security_groups": [
              "perf-perf-sg"
            ],
            "stop_before_destroy": false,
            "tags": [],
            "timeouts": null,
            "updated": "2026-02-28 22:50:41 +0000 UTC",
            "user_data": null,
            "vendor_options": [],
            "volume": []
          },
          "sensitive_attributes": [
            [
              {
                "type": "get_attr",
                "value": "admin_pass"
              }
            ]
          ],
          "identity_schema_version": 0,
          "private": "eyJlMmJmYjczMC1lY2FhLTExZTYtOGY4OC0zNDM2M2JjN2M0YzAiOnsiY3JlYXRlIjoxODAwMDAwMDAwMDAwLCJkZWxldGUiOjE4MDAwMDAwMDAwMDAsInVwZGF0ZSI6MTgwMDAwMDAwMDAwMH19",
          "dependencies": [
            "data.openstack_compute_flavor_v2.flavor",
            "data.openstack_compute_keypair_v2.keypair",
            "data.openstack_images_image_v2.image",
            "openstack_networking_network_v2.net1",
            "openstack_networking_network_v2.net2",
            "openstack_networking_secgroup_v2.perf_sg"
          ]
        },
        {
          "index_key": "perf-vm2-sc1",
          "schema_version": 0,
          "attributes": {
            "access_ip_v4": "10.1.1.45",
            "access_ip_v6": "",
            "admin_pass": null,
            "all_metadata": {},
            "all_tags": [],
            "availability_zone": "nova",
            "availability_zone_hints": null,
            "block_device": [],
            "config_drive": null,
            "created": "2026-02-19 23:50:26 +0000 UTC",
            "flavor_id": "6",
            "flavor_name": "m1.smaller",
            "floating_ip": null,
            "force_delete": false,
            "id": "f5cea0f2-c73d-452d-a3ce-77b9fa7478eb",
            "image_id": "b8fb6772-8e4a-457d-b2ec-3c145539d312",
            "image_name": "focal-server-cloudimg-amd64-vnx",
            "key_pair": "p3-key",
            "metadata": null,
            "name": "perf-vm2-sc1",
            "network": [
              {
                "access_network": false,
                "fixed_ip_v4": "10.1.1.45",
                "fixed_ip_v6": "",
                "floating_ip": "",
                "mac": "fa:16:3e:e9:c5:c0",
                "name": "perf-net1",
                "port": "",
                "uuid": "13f28564-3b6e-4af7-9bcb-207f6c6ea4f6"
              }
            ],
            "network_mode": null,
            "personality": [],
            "power_state": "shutoff",
            "region": "",
            "scheduler_hints": [],
            "security_groups": [
              "perf-perf-sg"
            ],
            "stop_before_destroy": false,
            "tags": [],
            "timeouts": null,
            "updated": "2026-02-28 22:33:08 +0000 UTC",
            "user_data": null,
            "vendor_options": [],
            "volume": []
          },
          "sensitive_attributes": [
            [
              {
                "type": "get_attr",
                "value": "admin_pass"
              }
            ]
          ],
          "identity_schema_version": 0,
          "private": "eyJlMmJmYjczMC1lY2FhLTExZTYtOGY4OC0zNDM2M2JjN2M0YzAiOnsiY3JlYXRlIjoxODAwMDAwMDAwMDAwLCJkZWxldGUiOjE4MDAwMDAwMDAwMDAsInVwZGF0ZSI6MTgwMDAwMDAwMDAwMH19",
          "dependencies": [
            "data.openstack_compute_flavor_v2.flavor",
            "data.openstack_compute_keypair_v2.keypair",
            "data.openstack_images_image_v2.image",
            "openstack_networking_network_v2.net1",
            "openstack_networking_network_v2.net2",
            "openstack_networking_secgroup_v2.perf_sg"
          ]
        },
        {
          "index_key": "perf-vm2-sc2",
          "schema_version": 0,
          "attributes": {
            "access_ip_v4": "10.1.2.37",
            "access_ip_v6": "",
            "admin_pass": null,
            "all_metadata": {},
            "all_tags": [],
            "availability_zone": "nova",
            "availability_zone_hints": null,
            "block_device": [],
            "config_drive": null,
            "created": "2026-02-19 23:50:26 +0000 UTC",
            "flavor_id": "6",
            "flavor_name": "m1.smaller",
            "floating_ip": null,
            "force_delete": false,
            "id": "86b79b94-723e-42a3-ab56-502e0e57b311",
            "image_id": "b8fb6772-8e4a-457d-b2ec-3c145539d312",
            "image_name": "focal-server-cloudimg-amd64-vnx",
            "key_pair": "p3-key",
            "metadata": null,
            "name": "perf-vm2-sc2",
            "network": [
              {
                "access_network": false,
                "fixed_ip_v4": "10.1.2.37",
                "fixed_ip_v6": "",
                "floating_ip": "",
                "mac": "fa:16:3e:ba:4f:73",
                "name": "perf-net2",
                "port": "",
                "uuid": "fa615522-3daa-4def-81df-0067f4870bb7"
              }
            ],
            "network_mode": null,
            "personality": [],
            "power_state": "shutoff",
            "region": "",
            "scheduler_hints": [],
            "security_groups": [
              "perf-perf-sg"
            ],
            "stop_before_destroy": false,
            "tags": [],
            "timeouts": null,
            "updated": "2026-02-28 22:38:34 +0000 UTC",
            "user_data": null,
            "vendor_options": [],
            "volume": []
          },
          "sensitive_attributes": [
            [
              {
                "type": "get_attr",
                "value": "admin_pass"
              }
            ]
          ],
          "identity_schema_version": 0,
          "private": "eyJlMmJmYjczMC1lY2FhLTExZTYtOGY4OC0zNDM2M2JjN2M0YzAiOnsiY3JlYXRlIjoxODAwMDAwMDAwMDAwLCJkZWxldGUiOjE4MDAwMDAwMDAwMDAsInVwZGF0ZSI6MTgwMDAwMDAwMDAwMH19",
          "dependencies": [
            "data.openstack_compute_flavor_v2.flavor",
            "data.openstack_compute_keypair_v2.keypair",
            "data.openstack_images_image_v2.image",
            "openstack_networking_network_v2.net1",
            "openstack_networking_network_v2.net2",
            "openstack_networking_secgroup_v2.perf_sg"
          ]
        },
        {
          "index_key": "perf-vm2-sc3",
          "schema_version": 0,
          "attributes": {
            "access_ip_v4": "10.1.1.28",
            "access_ip_v6": "",
            "admin_pass": null,
            "all_metadata": {},
            "all_tags": [],
            "availability_zone": "nova",
            "availability_zone_hints": null,
            "block_device": [],
            "config_drive": null,
            "created": "2026-02-19 23:50:26 +0000 UTC",
            "flavor_id": "6",
            "flavor_name": "m1.smaller",
            "floating_ip": null,
            "force_delete": false,
            "id": "26c17045-3dc9-4a00-aeaa-beeb23939131",
            "image_id": "b8fb6772-8e4a-457d-b2ec-3c145539d312",
            "image_name": "focal-server-cloudimg-amd64-vnx",
            "key_pair": "p3-key",
            "metadata": null,
            "name": "perf-vm2-sc3",
            "network": [
              {
                "access_network": false,
                "fixed_ip_v4": "10.1.1.28",
                "fixed_ip_v6": "",
                "floating_ip": "",
                "mac": "fa:16:3e:86:e3:50",
                "name": "perf-net1",
                "port": "",
                "uuid": "13f28564-3b6e-4af7-9bcb-207f6c6ea4f6"
              }
            ],
            "network_mode": null,
            "personality": [],
            "power_state": "shutoff",
            "region": "",
            "scheduler_hints": [],
            "security_groups": [
              "perf-perf-sg"
            ],
            "stop_before_destroy": false,
            "tags": [],
            "timeouts": null,
            "updated": "2026-02-28 22:44:07 +0000 UTC",
            "user_data": null,
            "vendor_options": [],
            "volume": []
          },
          "sensitive_attributes": [
            [
              {
                "type": "get_attr",
                "value": "admin_pass"
              }
            ]
          ],
          "identity_schema_version": 0,
          "private": "eyJlMmJmYjczMC1lY2FhLTExZTYtOGY4OC0zNDM2M2JjN2M0YzAiOnsiY3JlYXRlIjoxODAwMDAwMDAwMDAwLCJkZWxldGUiOjE4MDAwMDAwMDAwMDAsInVwZGF0ZSI6MTgwMDAwMDAwMDAwMH19",
          "dependencies": [
            "data.openstack_compute_flavor_v2.flavor",
            "data.openstack_compute_keypair_v2.keypair",
            "data.openstack_images_image_v2.image",
            "openstack_networking_network_v2.net1",
            "openstack_networking_network_v2.net2",
            "openstack_networking_secgroup_v2.perf_sg"
          ]
        },
        {
          "index_key": "perf-vm2-sc4",
          "schema_version": 0,
          "attributes": {
            "access_ip_v4": "10.1.2.21",
            "access_ip_v6": "",
            "admin_pass": null,
            "all_metadata": {},
            "all_tags": [],
            "availability_zone": "nova",
            "availability_zone_hints": null,
            "block_device": [],
            "config_drive": null,
            "created": "2026-02-19 23:50:50 +0000 UTC",
            "flavor_id": "6",
            "flavor_name": "m1.smaller",
            "floating_ip": null,
            "force_delete": false,
            "id": "c47023d8-6f7e-49a3-9d99-9880927e2677",
            "image_id": "b8fb6772-8e4a-457d-b2ec-3c145539d312",
            "image_name": "focal-server-cloudimg-amd64-vnx",
            "key_pair": "p3-key",
            "metadata": null,
            "name": "perf-vm2-sc4",
            "network": [
              {
                "access_network": false,
                "fixed_ip_v4": "10.1.2.21",
                "fixed_ip_v6": "",
                "floating_ip": "",
                "mac": "fa:16:3e:ec:e4:e4",
                "name": "perf-net2",
                "port": "",
                "uuid": "fa615522-3daa-4def-81df-0067f4870bb7"
              }
            ],
            "network_mode": null,
            "personality": [],
            "power_state": "shutoff",
            "region": "",
            "scheduler_hints": [],
            "security_groups": [
              "perf-perf-sg"
            ],
            "stop_before_destroy": false,
            "tags": [],
            "timeouts": null,
            "updated": "2026-02-28 22:49:53 +0000 UTC",
            "user_data": null,
            "vendor_options": [],
            "volume": []
          },
          "sensitive_attributes": [
            [
              {
                "type": "get_attr",
                "value": "admin_pass"
              }
            ]
          ],
          "identity_schema_version": 0,
          "private": "eyJlMmJmYjczMC1lY2FhLTExZTYtOGY4OC0zNDM2M2JjN2M0YzAiOnsiY3JlYXRlIjoxODAwMDAwMDAwMDAwLCJkZWxldGUiOjE4MDAwMDAwMDAwMDAsInVwZGF0ZSI6MTgwMDAwMDAwMDAwMH19",
          "dependencies": [
            "data.openstack_compute_flavor_v2.flavor",
            "data.openstack_compute_keypair_v2.keypair",
            "data.openstack_images_image_v2.image",
            "openstack_networking_network_v2.net1",
            "openstack_networking_network_v2.net2",
            "openstack_networking_secgroup_v2.perf_sg"
          ]
        }
      ]
    },
    {
      "mode": "managed",
      "type": "openstack_networking_floatingip_v2",
      "name": "fip",
      "provider": "provider[\"registry.terraform.io/terraform-provider-openstack/openstack\"]",
      "instances": [
        {
          "index_key": "perf-vm1-sc1",
          "schema_version": 0,
          "attributes": {
            "address": "10.0.10.178",
            "all_tags": [],
            "description": "",
            "dns_domain": "",
            "dns_name": "",
            "fixed_ip": "10.1.1.21",
            "id": "c70ab592-1656-45fb-ab74-b78eac5e67b1",
            "pool": "ExtNet",
            "port_id": "cb55181f-85c3-4c5b-839e-df930df74613",
            "region": "",
            "subnet_id": null,
            "subnet_ids": null,
            "tags": [],
            "tenant_id": "e0a192509f604bc7a115ebb050f2e9c0",
            "timeouts": null,
            "value_specs": null
          },
          "sensitive_attributes": [],
          "identity_schema_version": 0,
          "private": "eyJlMmJmYjczMC1lY2FhLTExZTYtOGY4OC0zNDM2M2JjN2M0YzAiOnsiY3JlYXRlIjo2MDAwMDAwMDAwMDAsImRlbGV0ZSI6NjAwMDAwMDAwMDAwfX0=",
          "dependencies": [
            "data.openstack_compute_flavor_v2.flavor",
            "data.openstack_compute_keypair_v2.keypair",
            "data.openstack_images_image_v2.image",
            "openstack_compute_instance_v2.perf_vm",
            "openstack_networking_network_v2.net1",
            "openstack_networking_network_v2.net2",
            "openstack_networking_secgroup_v2.perf_sg"
          ]
        },
        {
          "index_key": "perf-vm1-sc2",
          "schema_version": 0,
          "attributes": {
            "address": "10.0.10.126",
            "all_tags": [],
            "description": "",
            "dns_domain": "",
            "dns_name": "",
            "fixed_ip": "10.1.1.40",
            "id": "34006ce6-3443-489c-9ddf-ef1806f57ba4",
            "pool": "ExtNet",
            "port_id": "dea0cfa4-4921-4b7e-a431-5997d5e974bb",
            "region": "",
            "subnet_id": null,
            "subnet_ids": null,
            "tags": [],
            "tenant_id": "e0a192509f604bc7a115ebb050f2e9c0",
            "timeouts": null,
            "value_specs": null
          },
          "sensitive_attributes": [],
          "identity_schema_version": 0,
          "private": "eyJlMmJmYjczMC1lY2FhLTExZTYtOGY4OC0zNDM2M2JjN2M0YzAiOnsiY3JlYXRlIjo2MDAwMDAwMDAwMDAsImRlbGV0ZSI6NjAwMDAwMDAwMDAwfX0=",
          "dependencies": [
            "data.openstack_compute_flavor_v2.flavor",
            "data.openstack_compute_keypair_v2.keypair",
            "data.openstack_images_image_v2.image",
            "openstack_compute_instance_v2.perf_vm",
            "openstack_networking_network_v2.net1",
            "openstack_networking_network_v2.net2",
            "openstack_networking_secgroup_v2.perf_sg"
          ]
        },
        {
          "index_key": "perf-vm1-sc3",
          "schema_version": 0,
          "attributes": {
            "address": "10.0.10.133",
            "all_tags": [],
            "description": "",
            "dns_domain": "",
            "dns_name": "",
            "fixed_ip": "10.1.1.30",
            "id": "38d73517-4571-4719-96b2-6e6bf3fe291d",
            "pool": "ExtNet",
            "port_id": "d499b2ad-ebd0-4e7b-93fd-e9d0f58b8fd0",
            "region": "",
            "subnet_id": null,
            "subnet_ids": null,
            "tags": [],
            "tenant_id": "e0a192509f604bc7a115ebb050f2e9c0",
            "timeouts": null,
            "value_specs": null
          },
          "sensitive_attributes": [],
          "identity_schema_version": 0,
          "private": "eyJlMmJmYjczMC1lY2FhLTExZTYtOGY4OC0zNDM2M2JjN2M0YzAiOnsiY3JlYXRlIjo2MDAwMDAwMDAwMDAsImRlbGV0ZSI6NjAwMDAwMDAwMDAwfX0=",
          "dependencies": [
            "data.openstack_compute_flavor_v2.flavor",
            "data.openstack_compute_keypair_v2.keypair",
            "data.openstack_images_image_v2.image",
            "openstack_compute_instance_v2.perf_vm",
            "openstack_networking_network_v2.net1",
            "openstack_networking_network_v2.net2",
            "openstack_networking_secgroup_v2.perf_sg"
          ]
        },
        {
          "index_key": "perf-vm1-sc4",
          "schema_version": 0,
          "attributes": {
            "address": "10.0.10.160",
            "all_tags": [],
            "description": "",
            "dns_domain": "",
            "dns_name": "",
            "fixed_ip": "10.1.1.49",
            "id": "64baf84f-b843-49aa-b49a-3e908103819d",
            "pool": "ExtNet",
            "port_id": "437949d6-a456-4b81-87b5-569ed1060c42",
            "region": "",
            "subnet_id": null,
            "subnet_ids": null,
            "tags": [],
            "tenant_id": "e0a192509f604bc7a115ebb050f2e9c0",
            "timeouts": null,
            "value_specs": null
          },
          "sensitive_attributes": [],
          "identity_schema_version": 0,
          "private": "eyJlMmJmYjczMC1lY2FhLTExZTYtOGY4OC0zNDM2M2JjN2M0YzAiOnsiY3JlYXRlIjo2MDAwMDAwMDAwMDAsImRlbGV0ZSI6NjAwMDAwMDAwMDAwfX0=",
          "dependencies": [
            "data.openstack_compute_flavor_v2.flavor",
            "data.openstack_compute_keypair_v2.keypair",
            "data.openstack_images_image_v2.image",
            "openstack_compute_instance_v2.perf_vm",
            "openstack_networking_network_v2.net1",
            "openstack_networking_network_v2.net2",
            "openstack_networking_secgroup_v2.perf_sg"
          ]
        },
        {
          "index_key": "perf-vm2-sc1",
          "schema_version": 0,
          "attributes": {
            "address": "10.0.10.155",
            "all_tags": [],
            "description": "",
            "dns_domain": "",
            "dns_name": "",
            "fixed_ip": "10.1.1.45",
            "id": "766ccb67-4adb-45fb-9347-48f49687824a",
            "pool": "ExtNet",
            "port_id": "159fbe85-1b10-44d5-a693-abaec82ca17a",
            "region": "",
            "subnet_id": null,
            "subnet_ids": null,
            "tags": [],
            "tenant_id": "e0a192509f604bc7a115ebb050f2e9c0",
            "timeouts": null,
            "value_specs": null
          },
          "sensitive_attributes": [],
          "identity_schema_version": 0,
          "private": "eyJlMmJmYjczMC1lY2FhLTExZTYtOGY4OC0zNDM2M2JjN2M0YzAiOnsiY3JlYXRlIjo2MDAwMDAwMDAwMDAsImRlbGV0ZSI6NjAwMDAwMDAwMDAwfX0=",
          "dependencies": [
            "data.openstack_compute_flavor_v2.flavor",
            "data.openstack_compute_keypair_v2.keypair",
            "data.openstack_images_image_v2.image",
            "openstack_compute_instance_v2.perf_vm",
            "openstack_networking_network_v2.net1",
            "openstack_networking_network_v2.net2",
            "openstack_networking_secgroup_v2.perf_sg"
          ]
        },
        {
          "index_key": "perf-vm2-sc2",
          "schema_version": 0,
          "attributes": {
            "address": "10.0.10.170",
            "all_tags": [],
            "description": "",
            "dns_domain": "",
            "dns_name": "",
            "fixed_ip": "10.1.2.37",
            "id": "7c6eccdb-8c58-45d6-ad65-0cd16233e60e",
            "pool": "ExtNet",
            "port_id": "7ffd9d01-9d83-430d-81af-0967b9388571",
            "region": "",
            "subnet_id": null,
            "subnet_ids": null,
            "tags": [],
            "tenant_id": "e0a192509f604bc7a115ebb050f2e9c0",
            "timeouts": null,
            "value_specs": null
          },
          "sensitive_attributes": [],
          "identity_schema_version": 0,
          "private": "eyJlMmJmYjczMC1lY2FhLTExZTYtOGY4OC0zNDM2M2JjN2M0YzAiOnsiY3JlYXRlIjo2MDAwMDAwMDAwMDAsImRlbGV0ZSI6NjAwMDAwMDAwMDAwfX0=",
          "dependencies": [
            "data.openstack_compute_flavor_v2.flavor",
            "data.openstack_compute_keypair_v2.keypair",
            "data.openstack_images_image_v2.image",
            "openstack_compute_instance_v2.perf_vm",
            "openstack_networking_network_v2.net1",
            "openstack_networking_network_v2.net2",
            "openstack_networking_secgroup_v2.perf_sg"
          ]
        },
        {
          "index_key": "perf-vm2-sc3",
          "schema_version": 0,
          "attributes": {
            "address": "10.0.10.127",
            "all_tags": [],
            "description": "",
            "dns_domain": "",
            "dns_name": "",
            "fixed_ip": "10.1.1.28",
            "id": "c981570e-9ed3-4469-859e-28159679884c",
            "pool": "ExtNet",
            "port_id": "26d6040d-def2-4cff-91c7-f10faa012692",
            "region": "",
            "subnet_id": null,
            "subnet_ids": null,
            "tags": [],
            "tenant_id": "e0a192509f604bc7a115ebb050f2e9c0",
            "timeouts": null,
            "value_specs": null
          },
          "sensitive_attributes": [],
          "identity_schema_version": 0,
          "private": "eyJlMmJmYjczMC1lY2FhLTExZTYtOGY4OC0zNDM2M2JjN2M0YzAiOnsiY3JlYXRlIjo2MDAwMDAwMDAwMDAsImRlbGV0ZSI6NjAwMDAwMDAwMDAwfX0=",
          "dependencies": [
            "data.openstack_compute_flavor_v2.flavor",
            "data.openstack_compute_keypair_v2.keypair",
            "data.openstack_images_image_v2.image",
            "openstack_compute_instance_v2.perf_vm",
            "openstack_networking_network_v2.net1",
            "openstack_networking_network_v2.net2",
            "openstack_networking_secgroup_v2.perf_sg"
          ]
        },
        {
          "index_key": "perf-vm2-sc4",
          "schema_version": 0,
          "attributes": {
            "address": "10.0.10.164",
            "all_tags": [],
            "description": "",
            "dns_domain": "",
            "dns_name": "",
            "fixed_ip": "10.1.2.21",
            "id": "64a77037-13e4-44c8-ba3e-02bee0a67af3",
            "pool": "ExtNet",
            "port_id": "d406718d-b798-4ef1-9d89-36d5cb988516",
            "region": "",
            "subnet_id": null,
            "subnet_ids": null,
            "tags": [],
            "tenant_id": "e0a192509f604bc7a115ebb050f2e9c0",
            "timeouts": null,
            "value_specs": null
          },
          "sensitive_attributes": [],
          "identity_schema_version": 0,
          "private": "eyJlMmJmYjczMC1lY2FhLTExZTYtOGY4OC0zNDM2M2JjN2M0YzAiOnsiY3JlYXRlIjo2MDAwMDAwMDAwMDAsImRlbGV0ZSI6NjAwMDAwMDAwMDAwfX0=",
          "dependencies": [
            "data.openstack_compute_flavor_v2.flavor",
            "data.openstack_compute_keypair_v2.keypair",
            "data.openstack_images_image_v2.image",
            "openstack_compute_instance_v2.perf_vm",
            "openstack_networking_network_v2.net1",
            "openstack_networking_network_v2.net2",
            "openstack_networking_secgroup_v2.perf_sg"
          ]
        }
      ]
    },
    {
      "mode": "managed",
      "type": "openstack_networking_network_v2",
      "name": "net1",
      "provider": "provider[\"registry.terraform.io/terraform-provider-openstack/openstack\"]",
      "instances": [
        {
          "schema_version": 0,
          "attributes": {
            "admin_state_up": true,
            "all_tags": [],
            "availability_zone_hints": [],
            "description": "",
            "dns_domain": "",
            "external": false,
            "id": "13f28564-3b6e-4af7-9bcb-207f6c6ea4f6",
            "mtu": 1450,
            "name": "perf-net1",
            "port_security_enabled": true,
            "qos_policy_id": "",
            "region": "",
            "segments": [],
            "shared": false,
            "tags": [],
            "tenant_id": "e0a192509f604bc7a115ebb050f2e9c0",
            "timeouts": null,
            "transparent_vlan": false,
            "value_specs": null
          },
          "sensitive_attributes": [],
          "identity_schema_version": 0,
          "private": "eyJlMmJmYjczMC1lY2FhLTExZTYtOGY4OC0zNDM2M2JjN2M0YzAiOnsiY3JlYXRlIjo2MDAwMDAwMDAwMDAsImRlbGV0ZSI6NjAwMDAwMDAwMDAwfX0="
        }
      ]
    },
    {
      "mode": "managed",
      "type": "openstack_networking_network_v2",
      "name": "net2",
      "provider": "provider[\"registry.terraform.io/terraform-provider-openstack/openstack\"]",
      "instances": [
        {
          "schema_version": 0,
          "attributes": {
            "admin_state_up": true,
            "all_tags": [],
            "availability_zone_hints": [],
            "description": "",
            "dns_domain": "",
            "external": false,
            "id": "fa615522-3daa-4def-81df-0067f4870bb7",
            "mtu": 1450,
            "name": "perf-net2",
            "port_security_enabled": true,
            "qos_policy_id": "",
            "region": "",
            "segments": [],
            "shared": false,
            "tags": [],
            "tenant_id": "e0a192509f604bc7a115ebb050f2e9c0",
            "timeouts": null,
            "transparent_vlan": false,
            "value_specs": null
          },
          "sensitive_attributes": [],
          "identity_schema_version": 0,
          "private": "eyJlMmJmYjczMC1lY2FhLTExZTYtOGY4OC0zNDM2M2JjN2M0YzAiOnsiY3JlYXRlIjo2MDAwMDAwMDAwMDAsImRlbGV0ZSI6NjAwMDAwMDAwMDAwfX0="
        }
      ]
    },
    {
      "mode": "managed",
      "type": "openstack_networking_router_interface_v2",
      "name": "iface1",
      "provider": "provider[\"registry.terraform.io/terraform-provider-openstack/openstack\"]",
      "instances": [
        {
          "schema_version": 0,
          "attributes": {
            "force_destroy": false,
            "id": "4ff69a67-d018-457e-b4ea-e434f2ce7881",
            "port_id": "4ff69a67-d018-457e-b4ea-e434f2ce7881",
            "region": "",
            "router_id": "8b12bcb2-b234-4211-bd76-3446863afabf",
            "subnet_id": "7371b6a0-16dd-46d5-b560-d0f28d751ad5",
            "timeouts": null
          },
          "sensitive_attributes": [],
          "identity_schema_version": 0,
          "private": "eyJlMmJmYjczMC1lY2FhLTExZTYtOGY4OC0zNDM2M2JjN2M0YzAiOnsiY3JlYXRlIjo2MDAwMDAwMDAwMDAsImRlbGV0ZSI6NjAwMDAwMDAwMDAwfX0=",
          "dependencies": [
            "data.openstack_networking_network_v2.external",
            "openstack_networking_network_v2.net1",
            "openstack_networking_router_v2.router",
            "openstack_networking_subnet_v2.subnet1"
          ]
        }
      ]
    },
    {
      "mode": "managed",
      "type": "openstack_networking_router_interface_v2",
      "name": "iface2",
      "provider": "provider[\"registry.terraform.io/terraform-provider-openstack/openstack\"]",
      "instances": [
        {
          "schema_version": 0,
          "attributes": {
            "force_destroy": false,
            "id": "071810be-3a42-4a18-b115-235a2b78b9b1",
            "port_id": "071810be-3a42-4a18-b115-235a2b78b9b1",
            "region": "",
            "router_id": "8b12bcb2-b234-4211-bd76-3446863afabf",
            "subnet_id": "5553401c-fde1-4b0b-866c-b1a42d29abe0",
            "timeouts": null
          },
          "sensitive_attributes": [],
          "identity_schema_version": 0,
          "private": "eyJlMmJmYjczMC1lY2FhLTExZTYtOGY4OC0zNDM2M2JjN2M0YzAiOnsiY3JlYXRlIjo2MDAwMDAwMDAwMDAsImRlbGV0ZSI6NjAwMDAwMDAwMDAwfX0=",
          "dependencies": [
            "data.openstack_networking_network_v2.external",
            "openstack_networking_network_v2.net2",
            "openstack_networking_router_v2.router",
            "openstack_networking_subnet_v2.subnet2"
          ]
        }
      ]
    },
    {
      "mode": "managed",
      "type": "openstack_networking_router_v2",
      "name": "router",
      "provider": "provider[\"registry.terraform.io/terraform-provider-openstack/openstack\"]",
      "instances": [
        {
          "schema_version": 0,
          "attributes": {
            "admin_state_up": true,
            "all_tags": [],
            "availability_zone_hints": [],
            "description": "",
            "distributed": false,
            "enable_snat": true,
            "external_fixed_ip": [
              {
                "ip_address": "10.0.10.174",
                "subnet_id": "27e606a4-76e4-48f1-b2e3-f3bb095bdfeb"
              }
            ],
            "external_gateway": "9a6daedb-c579-41c6-8375-5c8f8515fa17",
            "external_network_id": "9a6daedb-c579-41c6-8375-5c8f8515fa17",
            "external_subnet_ids": null,
            "id": "8b12bcb2-b234-4211-bd76-3446863afabf",
            "name": "perf-router",
            "region": "",
            "tags": [],
            "tenant_id": "e0a192509f604bc7a115ebb050f2e9c0",
            "timeouts": null,
            "value_specs": null,
            "vendor_options": []
          },
          "sensitive_attributes": [],
          "identity_schema_version": 0,
          "private": "eyJlMmJmYjczMC1lY2FhLTExZTYtOGY4OC0zNDM2M2JjN2M0YzAiOnsiY3JlYXRlIjo2MDAwMDAwMDAwMDAsImRlbGV0ZSI6NjAwMDAwMDAwMDAwfX0=",
          "dependencies": [
            "data.openstack_networking_network_v2.external"
          ]
        }
      ]
    },
    {
      "mode": "managed",
      "type": "openstack_networking_secgroup_rule_v2",
      "name": "egress_all",
      "provider": "provider[\"registry.terraform.io/terraform-provider-openstack/openstack\"]",
      "instances": [
        {
          "schema_version": 0,
          "attributes": {
            "description": "",
            "direction": "egress",
            "ethertype": "IPv4",
            "id": "4b039279-32bd-4bcf-aa1b-4fe924f83af2",
            "port_range_max": 0,
            "port_range_min": 0,
            "protocol": "tcp",
            "region": "",
            "remote_group_id": "",
            "remote_ip_prefix": "0.0.0.0/0",
            "security_group_id": "7c92236d-877f-4784-970b-f94979cafddd",
            "tenant_id": "e0a192509f604bc7a115ebb050f2e9c0",
            "timeouts": null
          },
          "sensitive_attributes": [],
          "identity_schema_version": 0,
          "private": "eyJlMmJmYjczMC1lY2FhLTExZTYtOGY4OC0zNDM2M2JjN2M0YzAiOnsiZGVsZXRlIjo2MDAwMDAwMDAwMDB9fQ==",
          "dependencies": [
            "openstack_networking_secgroup_v2.perf_sg"
          ]
        }
      ]
    },
    {
      "mode": "managed",
      "type": "openstack_networking_secgroup_rule_v2",
      "name": "icmp",
      "provider": "provider[\"registry.terraform.io/terraform-provider-openstack/openstack\"]",
      "instances": [
        {
          "schema_version": 0,
          "attributes": {
            "description": "",
            "direction": "ingress",
            "ethertype": "IPv4",
            "id": "cd42e4ae-8fb0-4881-aa1d-065a778a5a98",
            "port_range_max": 0,
            "port_range_min": 0,
            "protocol": "icmp",
            "region": "",
            "remote_group_id": "",
            "remote_ip_prefix": "0.0.0.0/0",
            "security_group_id": "7c92236d-877f-4784-970b-f94979cafddd",
            "tenant_id": "e0a192509f604bc7a115ebb050f2e9c0",
            "timeouts": null
          },
          "sensitive_attributes": [],
          "identity_schema_version": 0,
          "private": "eyJlMmJmYjczMC1lY2FhLTExZTYtOGY4OC0zNDM2M2JjN2M0YzAiOnsiZGVsZXRlIjo2MDAwMDAwMDAwMDB9fQ==",
          "dependencies": [
            "openstack_networking_secgroup_v2.perf_sg"
          ]
        }
      ]
    },
    {
      "mode": "managed",
      "type": "openstack_networking_secgroup_rule_v2",
      "name": "tcp_all",
      "provider": "provider[\"registry.terraform.io/terraform-provider-openstack/openstack\"]",
      "instances": [
        {
          "schema_version": 0,
          "attributes": {
            "description": "",
            "direction": "ingress",
            "ethertype": "IPv4",
            "id": "6341a9ac-d259-4b37-8fd6-69e1f07d7901",
            "port_range_max": 0,
            "port_range_min": 0,
            "protocol": "tcp",
            "region": "",
            "remote_group_id": "",
            "remote_ip_prefix": "0.0.0.0/0",
            "security_group_id": "7c92236d-877f-4784-970b-f94979cafddd",
            "tenant_id": "e0a192509f604bc7a115ebb050f2e9c0",
            "timeouts": null
          },
          "sensitive_attributes": [],
          "identity_schema_version": 0,
          "private": "eyJlMmJmYjczMC1lY2FhLTExZTYtOGY4OC0zNDM2M2JjN2M0YzAiOnsiZGVsZXRlIjo2MDAwMDAwMDAwMDB9fQ==",
          "dependencies": [
            "openstack_networking_secgroup_v2.perf_sg"
          ]
        }
      ]
    },
    {
      "mode": "managed",
      "type": "openstack_networking_secgroup_rule_v2",
      "name": "udp_all",
      "provider": "provider[\"registry.terraform.io/terraform-provider-openstack/openstack\"]",
      "instances": [
        {
          "schema_version": 0,
          "attributes": {
            "description": "",
            "direction": "ingress",
            "ethertype": "IPv4",
            "id": "3f1f539b-8fb0-4790-95e9-6d67b1947e2f",
            "port_range_max": 0,
            "port_range_min": 0,
            "protocol": "udp",
            "region": "",
            "remote_group_id": "",
            "remote_ip_prefix": "0.0.0.0/0",
            "security_group_id": "7c92236d-877f-4784-970b-f94979cafddd",
            "tenant_id": "e0a192509f604bc7a115ebb050f2e9c0",
            "timeouts": null
          },
          "sensitive_attributes": [],
          "identity_schema_version": 0,
          "private": "eyJlMmJmYjczMC1lY2FhLTExZTYtOGY4OC0zNDM2M2JjN2M0YzAiOnsiZGVsZXRlIjo2MDAwMDAwMDAwMDB9fQ==",
          "dependencies": [
            "openstack_networking_secgroup_v2.perf_sg"
          ]
        }
      ]
    },
    {
      "mode": "managed",
      "type": "openstack_networking_secgroup_v2",
      "name": "perf_sg",
      "provider": "provider[\"registry.terraform.io/terraform-provider-openstack/openstack\"]",
      "instances": [
        {
          "schema_version": 0,
          "attributes": {
            "all_tags": [],
            "delete_default_rules": null,
            "description": "Security group for performance testing VMs",
            "id": "7c92236d-877f-4784-970b-f94979cafddd",
            "name": "perf-perf-sg",
            "region": "",
            "tags": [],
            "tenant_id": "e0a192509f604bc7a115ebb050f2e9c0",
            "timeouts": null
          },
          "sensitive_attributes": [],
          "identity_schema_version": 0,
          "private": "eyJlMmJmYjczMC1lY2FhLTExZTYtOGY4OC0zNDM2M2JjN2M0YzAiOnsiZGVsZXRlIjo2MDAwMDAwMDAwMDB9fQ=="
        }
      ]
    },
    {
      "mode": "managed",
      "type": "openstack_networking_subnet_v2",
      "name": "subnet1",
      "provider": "provider[\"registry.terraform.io/terraform-provider-openstack/openstack\"]",
      "instances": [
        {
          "schema_version": 0,
          "attributes": {
            "all_tags": [],
            "allocation_pool": [
              {
                "end": "10.1.1.50",
                "start": "10.1.1.10"
              }
            ],
            "allocation_pools": [
              {
                "end": "10.1.1.50",
                "start": "10.1.1.10"
              }
            ],
            "cidr": "10.1.1.0/24",
            "description": "",
            "dns_nameservers": [
              "8.8.8.8",
              "8.8.4.4"
            ],
            "enable_dhcp": true,
            "gateway_ip": "10.1.1.1",
            "host_routes": [],
            "id": "7371b6a0-16dd-46d5-b560-d0f28d751ad5",
            "ip_version": 4,
            "ipv6_address_mode": "",
            "ipv6_ra_mode": "",
            "name": "perf-subnet1",
            "network_id": "13f28564-3b6e-4af7-9bcb-207f6c6ea4f6",
            "no_gateway": false,
            "prefix_length": null,
            "region": "",
            "service_types": [],
            "subnetpool_id": "",
            "tags": [],
            "tenant_id": "e0a192509f604bc7a115ebb050f2e9c0",
            "timeouts": null,
            "value_specs": null
          },
          "sensitive_attributes": [],
          "identity_schema_version": 0,
          "private": "eyJlMmJmYjczMC1lY2FhLTExZTYtOGY4OC0zNDM2M2JjN2M0YzAiOnsiY3JlYXRlIjo2MDAwMDAwMDAwMDAsImRlbGV0ZSI6NjAwMDAwMDAwMDAwfX0=",
          "dependencies": [
            "openstack_networking_network_v2.net1"
          ]
        }
      ]
    },
    {
      "mode": "managed",
      "type": "openstack_networking_subnet_v2",
      "name": "subnet2",
      "provider": "provider[\"registry.terraform.io/terraform-provider-openstack/openstack\"]",
      "instances": [
        {
          "schema_version": 0,
          "attributes": {
            "all_tags": [],
            "allocation_pool": [
              {
                "end": "10.1.2.50",
                "start": "10.1.2.10"
              }
            ],
            "allocation_pools": [
              {
                "end": "10.1.2.50",
                "start": "10.1.2.10"
              }
            ],
            "cidr": "10.1.2.0/24",
            "description": "",
            "dns_nameservers": [
              "8.8.8.8",
              "8.8.4.4"
            ],
            "enable_dhcp": true,
            "gateway_ip": "10.1.2.1",
            "host_routes": [],
            "id": "5553401c-fde1-4b0b-866c-b1a42d29abe0",
            "ip_version": 4,
            "ipv6_address_mode": "",
            "ipv6_ra_mode": "",
            "name": "perf-subnet2",
            "network_id": "fa615522-3daa-4def-81df-0067f4870bb7",
            "no_gateway": false,
            "prefix_length": null,
            "region": "",
            "service_types": [],
            "subnetpool_id": "",
            "tags": [],
            "tenant_id": "e0a192509f604bc7a115ebb050f2e9c0",
            "timeouts": null,
            "value_specs": null
          },
          "sensitive_attributes": [],
          "identity_schema_version": 0,
          "private": "eyJlMmJmYjczMC1lY2FhLTExZTYtOGY4OC0zNDM2M2JjN2M0YzAiOnsiY3JlYXRlIjo2MDAwMDAwMDAwMDAsImRlbGV0ZSI6NjAwMDAwMDAwMDAwfX0=",
          "dependencies": [
            "openstack_networking_network_v2.net2"
          ]
        }
      ]
    }
  ],
  "check_results": null
}
